// !$*UTF8*$!
{
	archiveVersion = 1;
	classes = {
	};
	objectVersion = 56;
	objects = {

/* Begin PBXBuildFile section */
		2604313B29D9508700085876 /* MatchManager.swift in Sources */ = {isa = PBXBuildFile; fileRef = 2604313A29D9508700085876 /* MatchManager.swift */; };
		2604313D29D9588F00085876 /* Notification.Name+extension.swift in Sources */ = {isa = PBXBuildFile; fileRef = 2604313C29D9588F00085876 /* Notification.Name+extension.swift */; };
		26058CE029C8798700DC3EEA /* APIKey.plist in Resources */ = {isa = PBXBuildFile; fileRef = 26058CDF29C8798700DC3EEA /* APIKey.plist */; };
		26058CE229C879D100DC3EEA /* Bundle+extension.swift in Sources */ = {isa = PBXBuildFile; fileRef = 26058CE129C879D100DC3EEA /* Bundle+extension.swift */; };
		26058CE429C8819500DC3EEA /* UserInfoObject.swift in Sources */ = {isa = PBXBuildFile; fileRef = 26058CE329C8819500DC3EEA /* UserInfoObject.swift */; };
		26058CE629C8825A00DC3EEA /* UserMatchObject.swift in Sources */ = {isa = PBXBuildFile; fileRef = 26058CE529C8825A00DC3EEA /* UserMatchObject.swift */; };
		26058CE829C8845900DC3EEA /* MatchObject.swift in Sources */ = {isa = PBXBuildFile; fileRef = 26058CE729C8845900DC3EEA /* MatchObject.swift */; };
		261AA83D29D83DB700E0F671 /* NetworkManager.swift in Sources */ = {isa = PBXBuildFile; fileRef = 261AA83C29D83DB700E0F671 /* NetworkManager.swift */; };
		261E699229EEC79C00E77A14 /* NetworkManagerTests.swift in Sources */ = {isa = PBXBuildFile; fileRef = 261E699129EEC79C00E77A14 /* NetworkManagerTests.swift */; };
		261E699529EEC89F00E77A14 /* Providable.swift in Sources */ = {isa = PBXBuildFile; fileRef = 261E699429EEC89F00E77A14 /* Providable.swift */; };
		261E699729EECC9D00E77A14 /* MockAPIProvider.swift in Sources */ = {isa = PBXBuildFile; fileRef = 261E699629EECC9D00E77A14 /* MockAPIProvider.swift */; };
		261E699929EECFAD00E77A14 /* StubData.swift in Sources */ = {isa = PBXBuildFile; fileRef = 261E699829EECFAD00E77A14 /* StubData.swift */; };
		261E699B29EEE0C500E77A14 /* MainUIModel.swift in Sources */ = {isa = PBXBuildFile; fileRef = 261E699A29EEE0C500E77A14 /* MainUIModel.swift */; };
		264CA4FE29EE93670053A559 /* ContentTypeTests.swift in Sources */ = {isa = PBXBuildFile; fileRef = 26E8C43429D8301000665180 /* ContentTypeTests.swift */; };
		264EDB7E29D8925300EAA0EF /* MatchTableViewCell.swift in Sources */ = {isa = PBXBuildFile; fileRef = 264EDB7D29D8925300EAA0EF /* MatchTableViewCell.swift */; };
		264EDB8029D8933000EAA0EF /* Date+extension.swift in Sources */ = {isa = PBXBuildFile; fileRef = 264EDB7F29D8933000EAA0EF /* Date+extension.swift */; };
		266398A529EDDD3A0032033F /* DecoderModel.swift in Sources */ = {isa = PBXBuildFile; fileRef = 266398A429EDDD3A0032033F /* DecoderModel.swift */; };
		269F38DB29F229B200DA1F72 /* PlayerSection.swift in Sources */ = {isa = PBXBuildFile; fileRef = 269F38DA29F229B200DA1F72 /* PlayerSection.swift */; };
		269F38DD29F229D900DA1F72 /* PlayerModel.swift in Sources */ = {isa = PBXBuildFile; fileRef = 269F38DC29F229D900DA1F72 /* PlayerModel.swift */; };
		26AD317829B3B1A4001E8BE4 /* AppDelegate.swift in Sources */ = {isa = PBXBuildFile; fileRef = 26AD317729B3B1A4001E8BE4 /* AppDelegate.swift */; };
		26AD317A29B3B1A4001E8BE4 /* SceneDelegate.swift in Sources */ = {isa = PBXBuildFile; fileRef = 26AD317929B3B1A4001E8BE4 /* SceneDelegate.swift */; };
		26AD317C29B3B1A4001E8BE4 /* MainViewController.swift in Sources */ = {isa = PBXBuildFile; fileRef = 26AD317B29B3B1A4001E8BE4 /* MainViewController.swift */; };
		26AD318129B3B1A4001E8BE4 /* Assets.xcassets in Resources */ = {isa = PBXBuildFile; fileRef = 26AD318029B3B1A4001E8BE4 /* Assets.xcassets */; };
		26AD318429B3B1A4001E8BE4 /* LaunchScreen.storyboard in Resources */ = {isa = PBXBuildFile; fileRef = 26AD318229B3B1A4001E8BE4 /* LaunchScreen.storyboard */; };
		26D3562429D870E6003940C2 /* MatchesViewController.swift in Sources */ = {isa = PBXBuildFile; fileRef = 26D3562329D870E6003940C2 /* MatchesViewController.swift */; };
		26D7C26429F1FCDC008A5FE2 /* PlayerImageCell.swift in Sources */ = {isa = PBXBuildFile; fileRef = 26D7C26329F1FCDC008A5FE2 /* PlayerImageCell.swift */; };
		26DD030629ED57390093C12D /* APIProviderTests.swift in Sources */ = {isa = PBXBuildFile; fileRef = 26DD030529ED57390093C12D /* APIProviderTests.swift */; };
		26DD030D29ED59DA0093C12D /* MockURLProtocol.swift in Sources */ = {isa = PBXBuildFile; fileRef = 26DD030C29ED59DA0093C12D /* MockURLProtocol.swift */; };
		26FC683929C9D66200B398E2 /* APIProvider.swift in Sources */ = {isa = PBXBuildFile; fileRef = 26FC683829C9D66200B398E2 /* APIProvider.swift */; };
		26FC683C29C9D6F000B398E2 /* ContentType.swift in Sources */ = {isa = PBXBuildFile; fileRef = 26FC683B29C9D6F000B398E2 /* ContentType.swift */; };
		26FC683E29C9DDF700B398E2 /* NetworkError.swift in Sources */ = {isa = PBXBuildFile; fileRef = 26FC683D29C9DDF700B398E2 /* NetworkError.swift */; };
/* End PBXBuildFile section */

/* Begin PBXContainerItemProxy section */
		26DD030729ED57390093C12D /* PBXContainerItemProxy */ = {
			isa = PBXContainerItemProxy;
			containerPortal = 26AD316C29B3B1A4001E8BE4 /* Project object */;
			proxyType = 1;
			remoteGlobalIDString = 26AD317329B3B1A4001E8BE4;
			remoteInfo = FIONApp;
		};
/* End PBXContainerItemProxy section */

/* Begin PBXFileReference section */
		2604313A29D9508700085876 /* MatchManager.swift */ = {isa = PBXFileReference; lastKnownFileType = sourcecode.swift; path = MatchManager.swift; sourceTree = "<group>"; };
		2604313C29D9588F00085876 /* Notification.Name+extension.swift */ = {isa = PBXFileReference; lastKnownFileType = sourcecode.swift; path = "Notification.Name+extension.swift"; sourceTree = "<group>"; };
		26058CDF29C8798700DC3EEA /* APIKey.plist */ = {isa = PBXFileReference; lastKnownFileType = text.plist.xml; path = APIKey.plist; sourceTree = "<group>"; };
		26058CE129C879D100DC3EEA /* Bundle+extension.swift */ = {isa = PBXFileReference; lastKnownFileType = sourcecode.swift; path = "Bundle+extension.swift"; sourceTree = "<group>"; };
		26058CE329C8819500DC3EEA /* UserInfoObject.swift */ = {isa = PBXFileReference; lastKnownFileType = sourcecode.swift; path = UserInfoObject.swift; sourceTree = "<group>"; };
		26058CE529C8825A00DC3EEA /* UserMatchObject.swift */ = {isa = PBXFileReference; lastKnownFileType = sourcecode.swift; path = UserMatchObject.swift; sourceTree = "<group>"; };
		26058CE729C8845900DC3EEA /* MatchObject.swift */ = {isa = PBXFileReference; lastKnownFileType = sourcecode.swift; path = MatchObject.swift; sourceTree = "<group>"; };
		261AA83C29D83DB700E0F671 /* NetworkManager.swift */ = {isa = PBXFileReference; lastKnownFileType = sourcecode.swift; path = NetworkManager.swift; sourceTree = "<group>"; };
		261E699129EEC79C00E77A14 /* NetworkManagerTests.swift */ = {isa = PBXFileReference; lastKnownFileType = sourcecode.swift; path = NetworkManagerTests.swift; sourceTree = "<group>"; };
		261E699429EEC89F00E77A14 /* Providable.swift */ = {isa = PBXFileReference; lastKnownFileType = sourcecode.swift; path = Providable.swift; sourceTree = "<group>"; };
		261E699629EECC9D00E77A14 /* MockAPIProvider.swift */ = {isa = PBXFileReference; lastKnownFileType = sourcecode.swift; path = MockAPIProvider.swift; sourceTree = "<group>"; };
		261E699829EECFAD00E77A14 /* StubData.swift */ = {isa = PBXFileReference; lastKnownFileType = sourcecode.swift; path = StubData.swift; sourceTree = "<group>"; };
		261E699A29EEE0C500E77A14 /* MainUIModel.swift */ = {isa = PBXFileReference; lastKnownFileType = sourcecode.swift; path = MainUIModel.swift; sourceTree = "<group>"; };
		264EDB7D29D8925300EAA0EF /* MatchTableViewCell.swift */ = {isa = PBXFileReference; lastKnownFileType = sourcecode.swift; path = MatchTableViewCell.swift; sourceTree = "<group>"; };
		264EDB7F29D8933000EAA0EF /* Date+extension.swift */ = {isa = PBXFileReference; lastKnownFileType = sourcecode.swift; path = "Date+extension.swift"; sourceTree = "<group>"; };
		266398A429EDDD3A0032033F /* DecoderModel.swift */ = {isa = PBXFileReference; lastKnownFileType = sourcecode.swift; path = DecoderModel.swift; sourceTree = "<group>"; };
		269F38DA29F229B200DA1F72 /* PlayerSection.swift */ = {isa = PBXFileReference; lastKnownFileType = sourcecode.swift; path = PlayerSection.swift; sourceTree = "<group>"; };
		269F38DC29F229D900DA1F72 /* PlayerModel.swift */ = {isa = PBXFileReference; lastKnownFileType = sourcecode.swift; path = PlayerModel.swift; sourceTree = "<group>"; };
		26AD317429B3B1A4001E8BE4 /* FIONApp.app */ = {isa = PBXFileReference; explicitFileType = wrapper.application; includeInIndex = 0; path = FIONApp.app; sourceTree = BUILT_PRODUCTS_DIR; };
		26AD317729B3B1A4001E8BE4 /* AppDelegate.swift */ = {isa = PBXFileReference; lastKnownFileType = sourcecode.swift; path = AppDelegate.swift; sourceTree = "<group>"; };
		26AD317929B3B1A4001E8BE4 /* SceneDelegate.swift */ = {isa = PBXFileReference; lastKnownFileType = sourcecode.swift; path = SceneDelegate.swift; sourceTree = "<group>"; };
		26AD317B29B3B1A4001E8BE4 /* MainViewController.swift */ = {isa = PBXFileReference; lastKnownFileType = sourcecode.swift; path = MainViewController.swift; sourceTree = "<group>"; };
		26AD318029B3B1A4001E8BE4 /* Assets.xcassets */ = {isa = PBXFileReference; lastKnownFileType = folder.assetcatalog; path = Assets.xcassets; sourceTree = "<group>"; };
		26AD318329B3B1A4001E8BE4 /* Base */ = {isa = PBXFileReference; lastKnownFileType = file.storyboard; name = Base; path = Base.lproj/LaunchScreen.storyboard; sourceTree = "<group>"; };
		26AD318529B3B1A4001E8BE4 /* Info.plist */ = {isa = PBXFileReference; lastKnownFileType = text.plist.xml; path = Info.plist; sourceTree = "<group>"; };
		26D3562329D870E6003940C2 /* MatchesViewController.swift */ = {isa = PBXFileReference; lastKnownFileType = sourcecode.swift; path = MatchesViewController.swift; sourceTree = "<group>"; };
		26D7C26329F1FCDC008A5FE2 /* PlayerImageCell.swift */ = {isa = PBXFileReference; lastKnownFileType = sourcecode.swift; path = PlayerImageCell.swift; sourceTree = "<group>"; };
		26DD030329ED57390093C12D /* NetworkTests.xctest */ = {isa = PBXFileReference; explicitFileType = wrapper.cfbundle; includeInIndex = 0; path = NetworkTests.xctest; sourceTree = BUILT_PRODUCTS_DIR; };
		26DD030529ED57390093C12D /* APIProviderTests.swift */ = {isa = PBXFileReference; lastKnownFileType = sourcecode.swift; path = APIProviderTests.swift; sourceTree = "<group>"; };
		26DD030C29ED59DA0093C12D /* MockURLProtocol.swift */ = {isa = PBXFileReference; lastKnownFileType = sourcecode.swift; path = MockURLProtocol.swift; sourceTree = "<group>"; };
		26E8C43429D8301000665180 /* ContentTypeTests.swift */ = {isa = PBXFileReference; lastKnownFileType = sourcecode.swift; path = ContentTypeTests.swift; sourceTree = "<group>"; };
		26FC683829C9D66200B398E2 /* APIProvider.swift */ = {isa = PBXFileReference; lastKnownFileType = sourcecode.swift; path = APIProvider.swift; sourceTree = "<group>"; };
		26FC683B29C9D6F000B398E2 /* ContentType.swift */ = {isa = PBXFileReference; lastKnownFileType = sourcecode.swift; path = ContentType.swift; sourceTree = "<group>"; };
		26FC683D29C9DDF700B398E2 /* NetworkError.swift */ = {isa = PBXFileReference; lastKnownFileType = sourcecode.swift; path = NetworkError.swift; sourceTree = "<group>"; };
/* End PBXFileReference section */

/* Begin PBXFrameworksBuildPhase section */
		26AD317129B3B1A4001E8BE4 /* Frameworks */ = {
			isa = PBXFrameworksBuildPhase;
			buildActionMask = 2147483647;
			files = (
			);
			runOnlyForDeploymentPostprocessing = 0;
		};
		26DD030029ED57390093C12D /* Frameworks */ = {
			isa = PBXFrameworksBuildPhase;
			buildActionMask = 2147483647;
			files = (
			);
			runOnlyForDeploymentPostprocessing = 0;
		};
/* End PBXFrameworksBuildPhase section */

/* Begin PBXGroup section */
		26058CE929C885F300DC3EEA /* Extension */ = {
			isa = PBXGroup;
			children = (
				26058CE129C879D100DC3EEA /* Bundle+extension.swift */,
				264EDB7F29D8933000EAA0EF /* Date+extension.swift */,
				2604313C29D9588F00085876 /* Notification.Name+extension.swift */,
			);
			path = Extension;
			sourceTree = "<group>";
		};
		26058CEA29C885FB00DC3EEA /* Model */ = {
			isa = PBXGroup;
			children = (
				261E699329EEC89300E77A14 /* Protocol */,
				26E0CD4F29ED4BC400244142 /* Network */,
				26FC683A29C9D6CB00B398E2 /* DTO */,
				269F38DA29F229B200DA1F72 /* PlayerSection.swift */,
				269F38DC29F229D900DA1F72 /* PlayerModel.swift */,
			);
			path = Model;
			sourceTree = "<group>";
		};
		261E699329EEC89300E77A14 /* Protocol */ = {
			isa = PBXGroup;
			children = (
				261E699429EEC89F00E77A14 /* Providable.swift */,
			);
			path = Protocol;
			sourceTree = "<group>";
		};
		261E699C29EEE0CA00E77A14 /* MainVC */ = {
			isa = PBXGroup;
			children = (
				26AD317B29B3B1A4001E8BE4 /* MainViewController.swift */,
				261E699A29EEE0C500E77A14 /* MainUIModel.swift */,
			);
			path = MainVC;
			sourceTree = "<group>";
		};
		261E699E29EEE0DF00E77A14 /* MatchVC */ = {
			isa = PBXGroup;
			children = (
				26D3562329D870E6003940C2 /* MatchesViewController.swift */,
				2604313A29D9508700085876 /* MatchManager.swift */,
			);
			path = MatchVC;
			sourceTree = "<group>";
		};
		264CA4FF29EE93840053A559 /* Tests */ = {
			isa = PBXGroup;
			children = (
				261E699129EEC79C00E77A14 /* NetworkManagerTests.swift */,
				26E8C43429D8301000665180 /* ContentTypeTests.swift */,
				26DD030529ED57390093C12D /* APIProviderTests.swift */,
			);
			path = Tests;
			sourceTree = "<group>";
		};
		264EDB7C29D8924200EAA0EF /* View */ = {
			isa = PBXGroup;
			children = (
				264EDB7D29D8925300EAA0EF /* MatchTableViewCell.swift */,
				26D7C26329F1FCDC008A5FE2 /* PlayerImageCell.swift */,
			);
			path = View;
			sourceTree = "<group>";
		};
		26AD316B29B3B1A4001E8BE4 = {
			isa = PBXGroup;
			children = (
				26AD317629B3B1A4001E8BE4 /* FIONApp */,
				26DD030429ED57390093C12D /* NetworkTests */,
				26AD317529B3B1A4001E8BE4 /* Products */,
			);
			sourceTree = "<group>";
		};
		26AD317529B3B1A4001E8BE4 /* Products */ = {
			isa = PBXGroup;
			children = (
				26AD317429B3B1A4001E8BE4 /* FIONApp.app */,
				26DD030329ED57390093C12D /* NetworkTests.xctest */,
			);
			name = Products;
			sourceTree = "<group>";
		};
		26AD317629B3B1A4001E8BE4 /* FIONApp */ = {
			isa = PBXGroup;
			children = (
				264EDB7C29D8924200EAA0EF /* View */,
				26D3562229D86FBD003940C2 /* ViewController */,
				26058CEA29C885FB00DC3EEA /* Model */,
				26058CE929C885F300DC3EEA /* Extension */,
				26AD317729B3B1A4001E8BE4 /* AppDelegate.swift */,
				26AD317929B3B1A4001E8BE4 /* SceneDelegate.swift */,
				26AD318029B3B1A4001E8BE4 /* Assets.xcassets */,
				26AD318229B3B1A4001E8BE4 /* LaunchScreen.storyboard */,
				26AD318529B3B1A4001E8BE4 /* Info.plist */,
				26058CDF29C8798700DC3EEA /* APIKey.plist */,
			);
			path = FIONApp;
			sourceTree = "<group>";
		};
		26D3562229D86FBD003940C2 /* ViewController */ = {
			isa = PBXGroup;
			children = (
				261E699E29EEE0DF00E77A14 /* MatchVC */,
				261E699C29EEE0CA00E77A14 /* MainVC */,
			);
			path = ViewController;
			sourceTree = "<group>";
		};
		26DD030429ED57390093C12D /* NetworkTests */ = {
			isa = PBXGroup;
			children = (
				264CA4FF29EE93840053A559 /* Tests */,
				26DD030C29ED59DA0093C12D /* MockURLProtocol.swift */,
				261E699629EECC9D00E77A14 /* MockAPIProvider.swift */,
				261E699829EECFAD00E77A14 /* StubData.swift */,
			);
			path = NetworkTests;
			sourceTree = "<group>";
		};
		26E0CD4F29ED4BC400244142 /* Network */ = {
			isa = PBXGroup;
			children = (
				26FC683B29C9D6F000B398E2 /* ContentType.swift */,
				26FC683D29C9DDF700B398E2 /* NetworkError.swift */,
				261AA83C29D83DB700E0F671 /* NetworkManager.swift */,
				26FC683829C9D66200B398E2 /* APIProvider.swift */,
				266398A429EDDD3A0032033F /* DecoderModel.swift */,
			);
			path = Network;
			sourceTree = "<group>";
		};
		26FC683A29C9D6CB00B398E2 /* DTO */ = {
			isa = PBXGroup;
			children = (
				26058CE329C8819500DC3EEA /* UserInfoObject.swift */,
				26058CE529C8825A00DC3EEA /* UserMatchObject.swift */,
				26058CE729C8845900DC3EEA /* MatchObject.swift */,
			);
			path = DTO;
			sourceTree = "<group>";
		};
/* End PBXGroup section */

/* Begin PBXNativeTarget section */
		26AD317329B3B1A4001E8BE4 /* FIONApp */ = {
			isa = PBXNativeTarget;
			buildConfigurationList = 26AD318829B3B1A4001E8BE4 /* Build configuration list for PBXNativeTarget "FIONApp" */;
			buildPhases = (
				26AD317029B3B1A4001E8BE4 /* Sources */,
				26AD317129B3B1A4001E8BE4 /* Frameworks */,
				26AD317229B3B1A4001E8BE4 /* Resources */,
			);
			buildRules = (
			);
			dependencies = (
			);
			name = FIONApp;
			productName = FIONApp;
			productReference = 26AD317429B3B1A4001E8BE4 /* FIONApp.app */;
			productType = "com.apple.product-type.application";
		};
		26DD030229ED57390093C12D /* NetworkTests */ = {
			isa = PBXNativeTarget;
			buildConfigurationList = 26DD030929ED57390093C12D /* Build configuration list for PBXNativeTarget "NetworkTests" */;
			buildPhases = (
				26DD02FF29ED57390093C12D /* Sources */,
				26DD030029ED57390093C12D /* Frameworks */,
				26DD030129ED57390093C12D /* Resources */,
			);
			buildRules = (
			);
			dependencies = (
				26DD030829ED57390093C12D /* PBXTargetDependency */,
			);
			name = NetworkTests;
			productName = APIProviderTests;
			productReference = 26DD030329ED57390093C12D /* NetworkTests.xctest */;
			productType = "com.apple.product-type.bundle.unit-test";
		};
/* End PBXNativeTarget section */

/* Begin PBXProject section */
		26AD316C29B3B1A4001E8BE4 /* Project object */ = {
			isa = PBXProject;
			attributes = {
				BuildIndependentTargetsInParallel = 1;
				LastSwiftUpdateCheck = 1430;
				LastUpgradeCheck = 1420;
				TargetAttributes = {
					26AD317329B3B1A4001E8BE4 = {
						CreatedOnToolsVersion = 14.2;
					};
					26DD030229ED57390093C12D = {
						CreatedOnToolsVersion = 14.3;
						TestTargetID = 26AD317329B3B1A4001E8BE4;
					};
				};
			};
			buildConfigurationList = 26AD316F29B3B1A4001E8BE4 /* Build configuration list for PBXProject "FIONApp" */;
			compatibilityVersion = "Xcode 14.0";
			developmentRegion = en;
			hasScannedForEncodings = 0;
			knownRegions = (
				en,
				Base,
			);
			mainGroup = 26AD316B29B3B1A4001E8BE4;
			productRefGroup = 26AD317529B3B1A4001E8BE4 /* Products */;
			projectDirPath = "";
			projectRoot = "";
			targets = (
				26AD317329B3B1A4001E8BE4 /* FIONApp */,
				26DD030229ED57390093C12D /* NetworkTests */,
			);
		};
/* End PBXProject section */

/* Begin PBXResourcesBuildPhase section */
		26AD317229B3B1A4001E8BE4 /* Resources */ = {
			isa = PBXResourcesBuildPhase;
			buildActionMask = 2147483647;
			files = (
				26AD318429B3B1A4001E8BE4 /* LaunchScreen.storyboard in Resources */,
				26058CE029C8798700DC3EEA /* APIKey.plist in Resources */,
				26AD318129B3B1A4001E8BE4 /* Assets.xcassets in Resources */,
			);
			runOnlyForDeploymentPostprocessing = 0;
		};
		26DD030129ED57390093C12D /* Resources */ = {
			isa = PBXResourcesBuildPhase;
			buildActionMask = 2147483647;
			files = (
			);
			runOnlyForDeploymentPostprocessing = 0;
		};
/* End PBXResourcesBuildPhase section */

/* Begin PBXSourcesBuildPhase section */
		26AD317029B3B1A4001E8BE4 /* Sources */ = {
			isa = PBXSourcesBuildPhase;
			buildActionMask = 2147483647;
			files = (
				266398A529EDDD3A0032033F /* DecoderModel.swift in Sources */,
				26FC683929C9D66200B398E2 /* APIProvider.swift in Sources */,
				2604313D29D9588F00085876 /* Notification.Name+extension.swift in Sources */,
				26AD317C29B3B1A4001E8BE4 /* MainViewController.swift in Sources */,
				264EDB7E29D8925300EAA0EF /* MatchTableViewCell.swift in Sources */,
				26AD317829B3B1A4001E8BE4 /* AppDelegate.swift in Sources */,
				261E699B29EEE0C500E77A14 /* MainUIModel.swift in Sources */,
				26AD317A29B3B1A4001E8BE4 /* SceneDelegate.swift in Sources */,
				26058CE429C8819500DC3EEA /* UserInfoObject.swift in Sources */,
				26FC683E29C9DDF700B398E2 /* NetworkError.swift in Sources */,
				26D3562429D870E6003940C2 /* MatchesViewController.swift in Sources */,
				269F38DB29F229B200DA1F72 /* PlayerSection.swift in Sources */,
				269F38DD29F229D900DA1F72 /* PlayerModel.swift in Sources */,
				26058CE629C8825A00DC3EEA /* UserMatchObject.swift in Sources */,
				261AA83D29D83DB700E0F671 /* NetworkManager.swift in Sources */,
				26058CE229C879D100DC3EEA /* Bundle+extension.swift in Sources */,
				26058CE829C8845900DC3EEA /* MatchObject.swift in Sources */,
				26FC683C29C9D6F000B398E2 /* ContentType.swift in Sources */,
				26D7C26429F1FCDC008A5FE2 /* PlayerImageCell.swift in Sources */,
				261E699529EEC89F00E77A14 /* Providable.swift in Sources */,
				2604313B29D9508700085876 /* MatchManager.swift in Sources */,
				264EDB8029D8933000EAA0EF /* Date+extension.swift in Sources */,
			);
			runOnlyForDeploymentPostprocessing = 0;
		};
		26DD02FF29ED57390093C12D /* Sources */ = {
			isa = PBXSourcesBuildPhase;
			buildActionMask = 2147483647;
			files = (
				261E699729EECC9D00E77A14 /* MockAPIProvider.swift in Sources */,
				261E699229EEC79C00E77A14 /* NetworkManagerTests.swift in Sources */,
				264CA4FE29EE93670053A559 /* ContentTypeTests.swift in Sources */,
				26DD030629ED57390093C12D /* APIProviderTests.swift in Sources */,
				26DD030D29ED59DA0093C12D /* MockURLProtocol.swift in Sources */,
				261E699929EECFAD00E77A14 /* StubData.swift in Sources */,
			);
			runOnlyForDeploymentPostprocessing = 0;
		};
/* End PBXSourcesBuildPhase section */

/* Begin PBXTargetDependency section */
		26DD030829ED57390093C12D /* PBXTargetDependency */ = {
			isa = PBXTargetDependency;
			target = 26AD317329B3B1A4001E8BE4 /* FIONApp */;
			targetProxy = 26DD030729ED57390093C12D /* PBXContainerItemProxy */;
		};
/* End PBXTargetDependency section */

/* Begin PBXVariantGroup section */
		26AD318229B3B1A4001E8BE4 /* LaunchScreen.storyboard */ = {
			isa = PBXVariantGroup;
			children = (
				26AD318329B3B1A4001E8BE4 /* Base */,
			);
			name = LaunchScreen.storyboard;
			sourceTree = "<group>";
		};
/* End PBXVariantGroup section */

/* Begin XCBuildConfiguration section */
		26AD318629B3B1A4001E8BE4 /* Debug */ = {
			isa = XCBuildConfiguration;
			buildSettings = {
				ALWAYS_SEARCH_USER_PATHS = NO;
				CLANG_ANALYZER_NONNULL = YES;
				CLANG_ANALYZER_NUMBER_OBJECT_CONVERSION = YES_AGGRESSIVE;
				CLANG_CXX_LANGUAGE_STANDARD = "gnu++20";
				CLANG_ENABLE_MODULES = YES;
				CLANG_ENABLE_OBJC_ARC = YES;
				CLANG_ENABLE_OBJC_WEAK = YES;
				CLANG_WARN_BLOCK_CAPTURE_AUTORELEASING = YES;
				CLANG_WARN_BOOL_CONVERSION = YES;
				CLANG_WARN_COMMA = YES;
				CLANG_WARN_CONSTANT_CONVERSION = YES;
				CLANG_WARN_DEPRECATED_OBJC_IMPLEMENTATIONS = YES;
				CLANG_WARN_DIRECT_OBJC_ISA_USAGE = YES_ERROR;
				CLANG_WARN_DOCUMENTATION_COMMENTS = YES;
				CLANG_WARN_EMPTY_BODY = YES;
				CLANG_WARN_ENUM_CONVERSION = YES;
				CLANG_WARN_INFINITE_RECURSION = YES;
				CLANG_WARN_INT_CONVERSION = YES;
				CLANG_WARN_NON_LITERAL_NULL_CONVERSION = YES;
				CLANG_WARN_OBJC_IMPLICIT_RETAIN_SELF = YES;
				CLANG_WARN_OBJC_LITERAL_CONVERSION = YES;
				CLANG_WARN_OBJC_ROOT_CLASS = YES_ERROR;
				CLANG_WARN_QUOTED_INCLUDE_IN_FRAMEWORK_HEADER = YES;
				CLANG_WARN_RANGE_LOOP_ANALYSIS = YES;
				CLANG_WARN_STRICT_PROTOTYPES = YES;
				CLANG_WARN_SUSPICIOUS_MOVE = YES;
				CLANG_WARN_UNGUARDED_AVAILABILITY = YES_AGGRESSIVE;
				CLANG_WARN_UNREACHABLE_CODE = YES;
				CLANG_WARN__DUPLICATE_METHOD_MATCH = YES;
				COPY_PHASE_STRIP = NO;
				DEBUG_INFORMATION_FORMAT = dwarf;
				ENABLE_STRICT_OBJC_MSGSEND = YES;
				ENABLE_TESTABILITY = YES;
				GCC_C_LANGUAGE_STANDARD = gnu11;
				GCC_DYNAMIC_NO_PIC = NO;
				GCC_NO_COMMON_BLOCKS = YES;
				GCC_OPTIMIZATION_LEVEL = 0;
				GCC_PREPROCESSOR_DEFINITIONS = (
					"DEBUG=1",
					"$(inherited)",
				);
				GCC_WARN_64_TO_32_BIT_CONVERSION = YES;
				GCC_WARN_ABOUT_RETURN_TYPE = YES_ERROR;
				GCC_WARN_UNDECLARED_SELECTOR = YES;
				GCC_WARN_UNINITIALIZED_AUTOS = YES_AGGRESSIVE;
				GCC_WARN_UNUSED_FUNCTION = YES;
				GCC_WARN_UNUSED_VARIABLE = YES;
				IPHONEOS_DEPLOYMENT_TARGET = 16.2;
				MTL_ENABLE_DEBUG_INFO = INCLUDE_SOURCE;
				MTL_FAST_MATH = YES;
				ONLY_ACTIVE_ARCH = YES;
				SDKROOT = iphoneos;
				SWIFT_ACTIVE_COMPILATION_CONDITIONS = DEBUG;
				SWIFT_OPTIMIZATION_LEVEL = "-Onone";
			};
			name = Debug;
		};
		26AD318729B3B1A4001E8BE4 /* Release */ = {
			isa = XCBuildConfiguration;
			buildSettings = {
				ALWAYS_SEARCH_USER_PATHS = NO;
				CLANG_ANALYZER_NONNULL = YES;
				CLANG_ANALYZER_NUMBER_OBJECT_CONVERSION = YES_AGGRESSIVE;
				CLANG_CXX_LANGUAGE_STANDARD = "gnu++20";
				CLANG_ENABLE_MODULES = YES;
				CLANG_ENABLE_OBJC_ARC = YES;
				CLANG_ENABLE_OBJC_WEAK = YES;
				CLANG_WARN_BLOCK_CAPTURE_AUTORELEASING = YES;
				CLANG_WARN_BOOL_CONVERSION = YES;
				CLANG_WARN_COMMA = YES;
				CLANG_WARN_CONSTANT_CONVERSION = YES;
				CLANG_WARN_DEPRECATED_OBJC_IMPLEMENTATIONS = YES;
				CLANG_WARN_DIRECT_OBJC_ISA_USAGE = YES_ERROR;
				CLANG_WARN_DOCUMENTATION_COMMENTS = YES;
				CLANG_WARN_EMPTY_BODY = YES;
				CLANG_WARN_ENUM_CONVERSION = YES;
				CLANG_WARN_INFINITE_RECURSION = YES;
				CLANG_WARN_INT_CONVERSION = YES;
				CLANG_WARN_NON_LITERAL_NULL_CONVERSION = YES;
				CLANG_WARN_OBJC_IMPLICIT_RETAIN_SELF = YES;
				CLANG_WARN_OBJC_LITERAL_CONVERSION = YES;
				CLANG_WARN_OBJC_ROOT_CLASS = YES_ERROR;
				CLANG_WARN_QUOTED_INCLUDE_IN_FRAMEWORK_HEADER = YES;
				CLANG_WARN_RANGE_LOOP_ANALYSIS = YES;
				CLANG_WARN_STRICT_PROTOTYPES = YES;
				CLANG_WARN_SUSPICIOUS_MOVE = YES;
				CLANG_WARN_UNGUARDED_AVAILABILITY = YES_AGGRESSIVE;
				CLANG_WARN_UNREACHABLE_CODE = YES;
				CLANG_WARN__DUPLICATE_METHOD_MATCH = YES;
				COPY_PHASE_STRIP = NO;
				DEBUG_INFORMATION_FORMAT = "dwarf-with-dsym";
				ENABLE_NS_ASSERTIONS = NO;
				ENABLE_STRICT_OBJC_MSGSEND = YES;
				GCC_C_LANGUAGE_STANDARD = gnu11;
				GCC_NO_COMMON_BLOCKS = YES;
				GCC_WARN_64_TO_32_BIT_CONVERSION = YES;
				GCC_WARN_ABOUT_RETURN_TYPE = YES_ERROR;
				GCC_WARN_UNDECLARED_SELECTOR = YES;
				GCC_WARN_UNINITIALIZED_AUTOS = YES_AGGRESSIVE;
				GCC_WARN_UNUSED_FUNCTION = YES;
				GCC_WARN_UNUSED_VARIABLE = YES;
				IPHONEOS_DEPLOYMENT_TARGET = 16.2;
				MTL_ENABLE_DEBUG_INFO = NO;
				MTL_FAST_MATH = YES;
				SDKROOT = iphoneos;
				SWIFT_COMPILATION_MODE = wholemodule;
				SWIFT_OPTIMIZATION_LEVEL = "-O";
				VALIDATE_PRODUCT = YES;
			};
			name = Release;
		};
		26AD318929B3B1A4001E8BE4 /* Debug */ = {
			isa = XCBuildConfiguration;
			buildSettings = {
				ASSETCATALOG_COMPILER_APPICON_NAME = AppIcon;
				ASSETCATALOG_COMPILER_GLOBAL_ACCENT_COLOR_NAME = AccentColor;
				CODE_SIGN_STYLE = Automatic;
				CURRENT_PROJECT_VERSION = 1;
				DEVELOPMENT_TEAM = 58JZ3489C7;
				GENERATE_INFOPLIST_FILE = YES;
				INFOPLIST_FILE = FIONApp/Info.plist;
				INFOPLIST_KEY_UIApplicationSupportsIndirectInputEvents = YES;
				INFOPLIST_KEY_UILaunchStoryboardName = LaunchScreen;
				INFOPLIST_KEY_UISupportedInterfaceOrientations_iPad = "UIInterfaceOrientationPortrait UIInterfaceOrientationPortraitUpsideDown UIInterfaceOrientationLandscapeLeft UIInterfaceOrientationLandscapeRight";
				INFOPLIST_KEY_UISupportedInterfaceOrientations_iPhone = "UIInterfaceOrientationPortrait UIInterfaceOrientationLandscapeLeft UIInterfaceOrientationLandscapeRight";
				LD_RUNPATH_SEARCH_PATHS = (
					"$(inherited)",
					"@executable_path/Frameworks",
				);
				MARKETING_VERSION = 1.0;
				PRODUCT_BUNDLE_IDENTIFIER = com.minsu.FIONApp;
				PRODUCT_NAME = "$(TARGET_NAME)";
				SWIFT_EMIT_LOC_STRINGS = YES;
				SWIFT_VERSION = 5.0;
				TARGETED_DEVICE_FAMILY = "1,2";
			};
			name = Debug;
		};
		26AD318A29B3B1A4001E8BE4 /* Release */ = {
			isa = XCBuildConfiguration;
			buildSettings = {
				ASSETCATALOG_COMPILER_APPICON_NAME = AppIcon;
				ASSETCATALOG_COMPILER_GLOBAL_ACCENT_COLOR_NAME = AccentColor;
				CODE_SIGN_STYLE = Automatic;
				CURRENT_PROJECT_VERSION = 1;
				DEVELOPMENT_TEAM = 58JZ3489C7;
				GENERATE_INFOPLIST_FILE = YES;
				INFOPLIST_FILE = FIONApp/Info.plist;
				INFOPLIST_KEY_UIApplicationSupportsIndirectInputEvents = YES;
				INFOPLIST_KEY_UILaunchStoryboardName = LaunchScreen;
				INFOPLIST_KEY_UISupportedInterfaceOrientations_iPad = "UIInterfaceOrientationPortrait UIInterfaceOrientationPortraitUpsideDown UIInterfaceOrientationLandscapeLeft UIInterfaceOrientationLandscapeRight";
				INFOPLIST_KEY_UISupportedInterfaceOrientations_iPhone = "UIInterfaceOrientationPortrait UIInterfaceOrientationLandscapeLeft UIInterfaceOrientationLandscapeRight";
				LD_RUNPATH_SEARCH_PATHS = (
					"$(inherited)",
					"@executable_path/Frameworks",
				);
				MARKETING_VERSION = 1.0;
				PRODUCT_BUNDLE_IDENTIFIER = com.minsu.FIONApp;
				PRODUCT_NAME = "$(TARGET_NAME)";
				SWIFT_EMIT_LOC_STRINGS = YES;
				SWIFT_VERSION = 5.0;
				TARGETED_DEVICE_FAMILY = "1,2";
			};
			name = Release;
		};
		26DD030A29ED57390093C12D /* Debug */ = {
			isa = XCBuildConfiguration;
			buildSettings = {
				BUNDLE_LOADER = "$(TEST_HOST)";
				CODE_SIGN_STYLE = Automatic;
				CURRENT_PROJECT_VERSION = 1;
				DEVELOPMENT_TEAM = 58JZ3489C7;
				GENERATE_INFOPLIST_FILE = YES;
				IPHONEOS_DEPLOYMENT_TARGET = 16.4;
				MACOSX_DEPLOYMENT_TARGET = 13.3;
				MARKETING_VERSION = 1.0;
				PRODUCT_BUNDLE_IDENTIFIER = com.minsu.APIProviderTests;
				PRODUCT_NAME = "$(TARGET_NAME)";
				SDKROOT = auto;
				SUPPORTED_PLATFORMS = "iphoneos iphonesimulator macosx";
				SWIFT_EMIT_LOC_STRINGS = NO;
				SWIFT_VERSION = 5.0;
				TARGETED_DEVICE_FAMILY = "1,2";
				TEST_HOST = "$(BUILT_PRODUCTS_DIR)/FIONApp.app/$(BUNDLE_EXECUTABLE_FOLDER_PATH)/FIONApp";
			};
			name = Debug;
		};
		26DD030B29ED57390093C12D /* Release */ = {
			isa = XCBuildConfiguration;
			buildSettings = {
				BUNDLE_LOADER = "$(TEST_HOST)";
				CODE_SIGN_STYLE = Automatic;
				CURRENT_PROJECT_VERSION = 1;
				DEVELOPMENT_TEAM = 58JZ3489C7;
				GENERATE_INFOPLIST_FILE = YES;
				IPHONEOS_DEPLOYMENT_TARGET = 16.4;
				MACOSX_DEPLOYMENT_TARGET = 13.3;
				MARKETING_VERSION = 1.0;
				PRODUCT_BUNDLE_IDENTIFIER = com.minsu.APIProviderTests;
				PRODUCT_NAME = "$(TARGET_NAME)";
				SDKROOT = auto;
				SUPPORTED_PLATFORMS = "iphoneos iphonesimulator macosx";
				SWIFT_EMIT_LOC_STRINGS = NO;
				SWIFT_VERSION = 5.0;
				TARGETED_DEVICE_FAMILY = "1,2";
				TEST_HOST = "$(BUILT_PRODUCTS_DIR)/FIONApp.app/$(BUNDLE_EXECUTABLE_FOLDER_PATH)/FIONApp";
			};
			name = Release;
		};
/* End XCBuildConfiguration section */

/* Begin XCConfigurationList section */
		26AD316F29B3B1A4001E8BE4 /* Build configuration list for PBXProject "FIONApp" */ = {
			isa = XCConfigurationList;
			buildConfigurations = (
				26AD318629B3B1A4001E8BE4 /* Debug */,
				26AD318729B3B1A4001E8BE4 /* Release */,
			);
			defaultConfigurationIsVisible = 0;
			defaultConfigurationName = Release;
		};
		26AD318829B3B1A4001E8BE4 /* Build configuration list for PBXNativeTarget "FIONApp" */ = {
			isa = XCConfigurationList;
			buildConfigurations = (
				26AD318929B3B1A4001E8BE4 /* Debug */,
				26AD318A29B3B1A4001E8BE4 /* Release */,
			);
			defaultConfigurationIsVisible = 0;
			defaultConfigurationName = Release;
		};
		26DD030929ED57390093C12D /* Build configuration list for PBXNativeTarget "NetworkTests" */ = {
			isa = XCConfigurationList;
			buildConfigurations = (
				26DD030A29ED57390093C12D /* Debug */,
				26DD030B29ED57390093C12D /* Release */,
			);
			defaultConfigurationIsVisible = 0;
			defaultConfigurationName = Release;
		};
/* End XCConfigurationList section */
	};
	rootObject = 26AD316C29B3B1A4001E8BE4 /* Project object */;
}
