// !$*UTF8*$!
{
	archiveVersion = 1;
	classes = {
	};
	objectVersion = 56;
	objects = {

/* Begin PBXBuildFile section */
		26058CE029C8798700DC3EEA /* APIKey.plist in Resources */ = {isa = PBXBuildFile; fileRef = 26058CDF29C8798700DC3EEA /* APIKey.plist */; };
		26058CE229C879D100DC3EEA /* Bundle+extension.swift in Sources */ = {isa = PBXBuildFile; fileRef = 26058CE129C879D100DC3EEA /* Bundle+extension.swift */; };
		26058CE429C8819500DC3EEA /* UserInfoObject.swift in Sources */ = {isa = PBXBuildFile; fileRef = 26058CE329C8819500DC3EEA /* UserInfoObject.swift */; };
		26058CE629C8825A00DC3EEA /* UserMatchObject.swift in Sources */ = {isa = PBXBuildFile; fileRef = 26058CE529C8825A00DC3EEA /* UserMatchObject.swift */; };
		26058CE829C8845900DC3EEA /* MatchObject.swift in Sources */ = {isa = PBXBuildFile; fileRef = 26058CE729C8845900DC3EEA /* MatchObject.swift */; };
		26AD317829B3B1A4001E8BE4 /* AppDelegate.swift in Sources */ = {isa = PBXBuildFile; fileRef = 26AD317729B3B1A4001E8BE4 /* AppDelegate.swift */; };
		26AD317A29B3B1A4001E8BE4 /* SceneDelegate.swift in Sources */ = {isa = PBXBuildFile; fileRef = 26AD317929B3B1A4001E8BE4 /* SceneDelegate.swift */; };
		26AD317C29B3B1A4001E8BE4 /* MainViewController.swift in Sources */ = {isa = PBXBuildFile; fileRef = 26AD317B29B3B1A4001E8BE4 /* MainViewController.swift */; };
		26AD318129B3B1A4001E8BE4 /* Assets.xcassets in Resources */ = {isa = PBXBuildFile; fileRef = 26AD318029B3B1A4001E8BE4 /* Assets.xcassets */; };
		26AD318429B3B1A4001E8BE4 /* LaunchScreen.storyboard in Resources */ = {isa = PBXBuildFile; fileRef = 26AD318229B3B1A4001E8BE4 /* LaunchScreen.storyboard */; };
		26FC683929C9D66200B398E2 /* NetworkModel.swift in Sources */ = {isa = PBXBuildFile; fileRef = 26FC683829C9D66200B398E2 /* NetworkModel.swift */; };
		26FC683C29C9D6F000B398E2 /* ContentType.swift in Sources */ = {isa = PBXBuildFile; fileRef = 26FC683B29C9D6F000B398E2 /* ContentType.swift */; };
		26FC683E29C9DDF700B398E2 /* NetworkError.swift in Sources */ = {isa = PBXBuildFile; fileRef = 26FC683D29C9DDF700B398E2 /* NetworkError.swift */; };
		26FC684129C9DF7A00B398E2 /* Fetchable.swift in Sources */ = {isa = PBXBuildFile; fileRef = 26FC684029C9DF7A00B398E2 /* Fetchable.swift */; };
/* End PBXBuildFile section */

/* Begin PBXFileReference section */
		26058CDF29C8798700DC3EEA /* APIKey.plist */ = {isa = PBXFileReference; lastKnownFileType = text.plist.xml; path = APIKey.plist; sourceTree = "<group>"; };
		26058CE129C879D100DC3EEA /* Bundle+extension.swift */ = {isa = PBXFileReference; lastKnownFileType = sourcecode.swift; path = "Bundle+extension.swift"; sourceTree = "<group>"; };
		26058CE329C8819500DC3EEA /* UserInfoObject.swift */ = {isa = PBXFileReference; lastKnownFileType = sourcecode.swift; path = UserInfoObject.swift; sourceTree = "<group>"; };
		26058CE529C8825A00DC3EEA /* UserMatchObject.swift */ = {isa = PBXFileReference; lastKnownFileType = sourcecode.swift; path = UserMatchObject.swift; sourceTree = "<group>"; };
		26058CE729C8845900DC3EEA /* MatchObject.swift */ = {isa = PBXFileReference; lastKnownFileType = sourcecode.swift; path = MatchObject.swift; sourceTree = "<group>"; };
		26AD317429B3B1A4001E8BE4 /* FIONApp.app */ = {isa = PBXFileReference; explicitFileType = wrapper.application; includeInIndex = 0; path = FIONApp.app; sourceTree = BUILT_PRODUCTS_DIR; };
		26AD317729B3B1A4001E8BE4 /* AppDelegate.swift */ = {isa = PBXFileReference; lastKnownFileType = sourcecode.swift; path = AppDelegate.swift; sourceTree = "<group>"; };
		26AD317929B3B1A4001E8BE4 /* SceneDelegate.swift */ = {isa = PBXFileReference; lastKnownFileType = sourcecode.swift; path = SceneDelegate.swift; sourceTree = "<group>"; };
		26AD317B29B3B1A4001E8BE4 /* MainViewController.swift */ = {isa = PBXFileReference; lastKnownFileType = sourcecode.swift; path = MainViewController.swift; sourceTree = "<group>"; };
		26AD318029B3B1A4001E8BE4 /* Assets.xcassets */ = {isa = PBXFileReference; lastKnownFileType = folder.assetcatalog; path = Assets.xcassets; sourceTree = "<group>"; };
		26AD318329B3B1A4001E8BE4 /* Base */ = {isa = PBXFileReference; lastKnownFileType = file.storyboard; name = Base; path = Base.lproj/LaunchScreen.storyboard; sourceTree = "<group>"; };
		26AD318529B3B1A4001E8BE4 /* Info.plist */ = {isa = PBXFileReference; lastKnownFileType = text.plist.xml; path = Info.plist; sourceTree = "<group>"; };
		26FC683829C9D66200B398E2 /* NetworkModel.swift */ = {isa = PBXFileReference; lastKnownFileType = sourcecode.swift; path = NetworkModel.swift; sourceTree = "<group>"; };
		26FC683B29C9D6F000B398E2 /* ContentType.swift */ = {isa = PBXFileReference; lastKnownFileType = sourcecode.swift; path = ContentType.swift; sourceTree = "<group>"; };
		26FC683D29C9DDF700B398E2 /* NetworkError.swift */ = {isa = PBXFileReference; lastKnownFileType = sourcecode.swift; path = NetworkError.swift; sourceTree = "<group>"; };
		26FC684029C9DF7A00B398E2 /* Fetchable.swift */ = {isa = PBXFileReference; lastKnownFileType = sourcecode.swift; path = Fetchable.swift; sourceTree = "<group>"; };
/* End PBXFileReference section */

/* Begin PBXFrameworksBuildPhase section */
		26AD317129B3B1A4001E8BE4 /* Frameworks */ = {
			isa = PBXFrameworksBuildPhase;
			buildActionMask = 2147483647;
			files = (
			);
			runOnlyForDeploymentPostprocessing = 0;
		};
/* End PBXFrameworksBuildPhase section */

/* Begin PBXGroup section */
		26058CE929C885F300DC3EEA /* Extension */ = {
			isa = PBXGroup;
			children = (
				26058CE129C879D100DC3EEA /* Bundle+extension.swift */,
			);
			path = Extension;
			sourceTree = "<group>";
		};
		26058CEA29C885FB00DC3EEA /* Model */ = {
			isa = PBXGroup;
			children = (
				26FC683F29C9DF6B00B398E2 /* Protocol */,
				26FC683A29C9D6CB00B398E2 /* DTO */,
				26FC683829C9D66200B398E2 /* NetworkModel.swift */,
				26FC683B29C9D6F000B398E2 /* ContentType.swift */,
				26FC683D29C9DDF700B398E2 /* NetworkError.swift */,
			);
			path = Model;
			sourceTree = "<group>";
		};
		26AD316B29B3B1A4001E8BE4 = {
			isa = PBXGroup;
			children = (
				26AD317629B3B1A4001E8BE4 /* FIONApp */,
				26AD317529B3B1A4001E8BE4 /* Products */,
			);
			sourceTree = "<group>";
		};
		26AD317529B3B1A4001E8BE4 /* Products */ = {
			isa = PBXGroup;
			children = (
				26AD317429B3B1A4001E8BE4 /* FIONApp.app */,
			);
			name = Products;
			sourceTree = "<group>";
		};
		26AD317629B3B1A4001E8BE4 /* FIONApp */ = {
			isa = PBXGroup;
			children = (
				26058CEA29C885FB00DC3EEA /* Model */,
				26058CE929C885F300DC3EEA /* Extension */,
				26AD317729B3B1A4001E8BE4 /* AppDelegate.swift */,
				26AD317929B3B1A4001E8BE4 /* SceneDelegate.swift */,
				26AD317B29B3B1A4001E8BE4 /* MainViewController.swift */,
				26AD318029B3B1A4001E8BE4 /* Assets.xcassets */,
				26AD318229B3B1A4001E8BE4 /* LaunchScreen.storyboard */,
				26AD318529B3B1A4001E8BE4 /* Info.plist */,
				26058CDF29C8798700DC3EEA /* APIKey.plist */,
			);
			path = FIONApp;
			sourceTree = "<group>";
		};
		26FC683A29C9D6CB00B398E2 /* DTO */ = {
			isa = PBXGroup;
			children = (
				26058CE329C8819500DC3EEA /* UserInfoObject.swift */,
				26058CE529C8825A00DC3EEA /* UserMatchObject.swift */,
				26058CE729C8845900DC3EEA /* MatchObject.swift */,
			);
			path = DTO;
			sourceTree = "<group>";
		};
		26FC683F29C9DF6B00B398E2 /* Protocol */ = {
			isa = PBXGroup;
			children = (
				26FC684029C9DF7A00B398E2 /* Fetchable.swift */,
			);
			path = Protocol;
			sourceTree = "<group>";
		};
/* End PBXGroup section */

/* Begin PBXNativeTarget section */
		26AD317329B3B1A4001E8BE4 /* FIONApp */ = {
			isa = PBXNativeTarget;
			buildConfigurationList = 26AD318829B3B1A4001E8BE4 /* Build configuration list for PBXNativeTarget "FIONApp" */;
			buildPhases = (
				26AD317029B3B1A4001E8BE4 /* Sources */,
				26AD317129B3B1A4001E8BE4 /* Frameworks */,
				26AD317229B3B1A4001E8BE4 /* Resources */,
			);
			buildRules = (
			);
			dependencies = (
			);
			name = FIONApp;
			productName = FIONApp;
			productReference = 26AD317429B3B1A4001E8BE4 /* FIONApp.app */;
			productType = "com.apple.product-type.application";
		};
/* End PBXNativeTarget section */

/* Begin PBXProject section */
		26AD316C29B3B1A4001E8BE4 /* Project object */ = {
			isa = PBXProject;
			attributes = {
				BuildIndependentTargetsInParallel = 1;
				LastSwiftUpdateCheck = 1420;
				LastUpgradeCheck = 1420;
				TargetAttributes = {
					26AD317329B3B1A4001E8BE4 = {
						CreatedOnToolsVersion = 14.2;
					};
				};
			};
			buildConfigurationList = 26AD316F29B3B1A4001E8BE4 /* Build configuration list for PBXProject "FIONApp" */;
			compatibilityVersion = "Xcode 14.0";
			developmentRegion = en;
			hasScannedForEncodings = 0;
			knownRegions = (
				en,
				Base,
			);
			mainGroup = 26AD316B29B3B1A4001E8BE4;
			productRefGroup = 26AD317529B3B1A4001E8BE4 /* Products */;
			projectDirPath = "";
			projectRoot = "";
			targets = (
				26AD317329B3B1A4001E8BE4 /* FIONApp */,
			);
		};
/* End PBXProject section */

/* Begin PBXResourcesBuildPhase section */
		26AD317229B3B1A4001E8BE4 /* Resources */ = {
			isa = PBXResourcesBuildPhase;
			buildActionMask = 2147483647;
			files = (
				26AD318429B3B1A4001E8BE4 /* LaunchScreen.storyboard in Resources */,
				26058CE029C8798700DC3EEA /* APIKey.plist in Resources */,
				26AD318129B3B1A4001E8BE4 /* Assets.xcassets in Resources */,
			);
			runOnlyForDeploymentPostprocessing = 0;
		};
/* End PBXResourcesBuildPhase section */

/* Begin PBXSourcesBuildPhase section */
		26AD317029B3B1A4001E8BE4 /* Sources */ = {
			isa = PBXSourcesBuildPhase;
			buildActionMask = 2147483647;
			files = (
				26FC683929C9D66200B398E2 /* NetworkModel.swift in Sources */,
				26AD317C29B3B1A4001E8BE4 /* MainViewController.swift in Sources */,
				26AD317829B3B1A4001E8BE4 /* AppDelegate.swift in Sources */,
				26AD317A29B3B1A4001E8BE4 /* SceneDelegate.swift in Sources */,
				26058CE429C8819500DC3EEA /* UserInfoObject.swift in Sources */,
				26FC684129C9DF7A00B398E2 /* Fetchable.swift in Sources */,
				26FC683E29C9DDF700B398E2 /* NetworkError.swift in Sources */,
				26058CE629C8825A00DC3EEA /* UserMatchObject.swift in Sources */,
				26058CE229C879D100DC3EEA /* Bundle+extension.swift in Sources */,
				26058CE829C8845900DC3EEA /* MatchObject.swift in Sources */,
				26FC683C29C9D6F000B398E2 /* ContentType.swift in Sources */,
			);
			runOnlyForDeploymentPostprocessing = 0;
		};
/* End PBXSourcesBuildPhase section */

/* Begin PBXVariantGroup section */
		26AD318229B3B1A4001E8BE4 /* LaunchScreen.storyboard */ = {
			isa = PBXVariantGroup;
			children = (
				26AD318329B3B1A4001E8BE4 /* Base */,
			);
			name = LaunchScreen.storyboard;
			sourceTree = "<group>";
		};
/* End PBXVariantGroup section */

/* Begin XCBuildConfiguration section */
		26AD318629B3B1A4001E8BE4 /* Debug */ = {
			isa = XCBuildConfiguration;
			buildSettings = {
				ALWAYS_SEARCH_USER_PATHS = NO;
				CLANG_ANALYZER_NONNULL = YES;
				CLANG_ANALYZER_NUMBER_OBJECT_CONVERSION = YES_AGGRESSIVE;
				CLANG_CXX_LANGUAGE_STANDARD = "gnu++20";
				CLANG_ENABLE_MODULES = YES;
				CLANG_ENABLE_OBJC_ARC = YES;
				CLANG_ENABLE_OBJC_WEAK = YES;
				CLANG_WARN_BLOCK_CAPTURE_AUTORELEASING = YES;
				CLANG_WARN_BOOL_CONVERSION = YES;
				CLANG_WARN_COMMA = YES;
				CLANG_WARN_CONSTANT_CONVERSION = YES;
				CLANG_WARN_DEPRECATED_OBJC_IMPLEMENTATIONS = YES;
				CLANG_WARN_DIRECT_OBJC_ISA_USAGE = YES_ERROR;
				CLANG_WARN_DOCUMENTATION_COMMENTS = YES;
				CLANG_WARN_EMPTY_BODY = YES;
				CLANG_WARN_ENUM_CONVERSION = YES;
				CLANG_WARN_INFINITE_RECURSION = YES;
				CLANG_WARN_INT_CONVERSION = YES;
				CLANG_WARN_NON_LITERAL_NULL_CONVERSION = YES;
				CLANG_WARN_OBJC_IMPLICIT_RETAIN_SELF = YES;
				CLANG_WARN_OBJC_LITERAL_CONVERSION = YES;
				CLANG_WARN_OBJC_ROOT_CLASS = YES_ERROR;
				CLANG_WARN_QUOTED_INCLUDE_IN_FRAMEWORK_HEADER = YES;
				CLANG_WARN_RANGE_LOOP_ANALYSIS = YES;
				CLANG_WARN_STRICT_PROTOTYPES = YES;
				CLANG_WARN_SUSPICIOUS_MOVE = YES;
				CLANG_WARN_UNGUARDED_AVAILABILITY = YES_AGGRESSIVE;
				CLANG_WARN_UNREACHABLE_CODE = YES;
				CLANG_WARN__DUPLICATE_METHOD_MATCH = YES;
				COPY_PHASE_STRIP = NO;
				DEBUG_INFORMATION_FORMAT = dwarf;
				ENABLE_STRICT_OBJC_MSGSEND = YES;
				ENABLE_TESTABILITY = YES;
				GCC_C_LANGUAGE_STANDARD = gnu11;
				GCC_DYNAMIC_NO_PIC = NO;
				GCC_NO_COMMON_BLOCKS = YES;
				GCC_OPTIMIZATION_LEVEL = 0;
				GCC_PREPROCESSOR_DEFINITIONS = (
					"DEBUG=1",
					"$(inherited)",
				);
				GCC_WARN_64_TO_32_BIT_CONVERSION = YES;
				GCC_WARN_ABOUT_RETURN_TYPE = YES_ERROR;
				GCC_WARN_UNDECLARED_SELECTOR = YES;
				GCC_WARN_UNINITIALIZED_AUTOS = YES_AGGRESSIVE;
				GCC_WARN_UNUSED_FUNCTION = YES;
				GCC_WARN_UNUSED_VARIABLE = YES;
				IPHONEOS_DEPLOYMENT_TARGET = 16.2;
				MTL_ENABLE_DEBUG_INFO = INCLUDE_SOURCE;
				MTL_FAST_MATH = YES;
				ONLY_ACTIVE_ARCH = YES;
				SDKROOT = iphoneos;
				SWIFT_ACTIVE_COMPILATION_CONDITIONS = DEBUG;
				SWIFT_OPTIMIZATION_LEVEL = "-Onone";
			};
			name = Debug;
		};
		26AD318729B3B1A4001E8BE4 /* Release */ = {
			isa = XCBuildConfiguration;
			buildSettings = {
				ALWAYS_SEARCH_USER_PATHS = NO;
				CLANG_ANALYZER_NONNULL = YES;
				CLANG_ANALYZER_NUMBER_OBJECT_CONVERSION = YES_AGGRESSIVE;
				CLANG_CXX_LANGUAGE_STANDARD = "gnu++20";
				CLANG_ENABLE_MODULES = YES;
				CLANG_ENABLE_OBJC_ARC = YES;
				CLANG_ENABLE_OBJC_WEAK = YES;
				CLANG_WARN_BLOCK_CAPTURE_AUTORELEASING = YES;
				CLANG_WARN_BOOL_CONVERSION = YES;
				CLANG_WARN_COMMA = YES;
				CLANG_WARN_CONSTANT_CONVERSION = YES;
				CLANG_WARN_DEPRECATED_OBJC_IMPLEMENTATIONS = YES;
				CLANG_WARN_DIRECT_OBJC_ISA_USAGE = YES_ERROR;
				CLANG_WARN_DOCUMENTATION_COMMENTS = YES;
				CLANG_WARN_EMPTY_BODY = YES;
				CLANG_WARN_ENUM_CONVERSION = YES;
				CLANG_WARN_INFINITE_RECURSION = YES;
				CLANG_WARN_INT_CONVERSION = YES;
				CLANG_WARN_NON_LITERAL_NULL_CONVERSION = YES;
				CLANG_WARN_OBJC_IMPLICIT_RETAIN_SELF = YES;
				CLANG_WARN_OBJC_LITERAL_CONVERSION = YES;
				CLANG_WARN_OBJC_ROOT_CLASS = YES_ERROR;
				CLANG_WARN_QUOTED_INCLUDE_IN_FRAMEWORK_HEADER = YES;
				CLANG_WARN_RANGE_LOOP_ANALYSIS = YES;
				CLANG_WARN_STRICT_PROTOTYPES = YES;
				CLANG_WARN_SUSPICIOUS_MOVE = YES;
				CLANG_WARN_UNGUARDED_AVAILABILITY = YES_AGGRESSIVE;
				CLANG_WARN_UNREACHABLE_CODE = YES;
				CLANG_WARN__DUPLICATE_METHOD_MATCH = YES;
				COPY_PHASE_STRIP = NO;
				DEBUG_INFORMATION_FORMAT = "dwarf-with-dsym";
				ENABLE_NS_ASSERTIONS = NO;
				ENABLE_STRICT_OBJC_MSGSEND = YES;
				GCC_C_LANGUAGE_STANDARD = gnu11;
				GCC_NO_COMMON_BLOCKS = YES;
				GCC_WARN_64_TO_32_BIT_CONVERSION = YES;
				GCC_WARN_ABOUT_RETURN_TYPE = YES_ERROR;
				GCC_WARN_UNDECLARED_SELECTOR = YES;
				GCC_WARN_UNINITIALIZED_AUTOS = YES_AGGRESSIVE;
				GCC_WARN_UNUSED_FUNCTION = YES;
				GCC_WARN_UNUSED_VARIABLE = YES;
				IPHONEOS_DEPLOYMENT_TARGET = 16.2;
				MTL_ENABLE_DEBUG_INFO = NO;
				MTL_FAST_MATH = YES;
				SDKROOT = iphoneos;
				SWIFT_COMPILATION_MODE = wholemodule;
				SWIFT_OPTIMIZATION_LEVEL = "-O";
				VALIDATE_PRODUCT = YES;
			};
			name = Release;
		};
		26AD318929B3B1A4001E8BE4 /* Debug */ = {
			isa = XCBuildConfiguration;
			buildSettings = {
				ASSETCATALOG_COMPILER_APPICON_NAME = AppIcon;
				ASSETCATALOG_COMPILER_GLOBAL_ACCENT_COLOR_NAME = AccentColor;
				CODE_SIGN_STYLE = Automatic;
				CURRENT_PROJECT_VERSION = 1;
				DEVELOPMENT_TEAM = 58JZ3489C7;
				GENERATE_INFOPLIST_FILE = YES;
				INFOPLIST_FILE = FIONApp/Info.plist;
				INFOPLIST_KEY_UIApplicationSupportsIndirectInputEvents = YES;
				INFOPLIST_KEY_UILaunchStoryboardName = LaunchScreen;
				INFOPLIST_KEY_UISupportedInterfaceOrientations_iPad = "UIInterfaceOrientationPortrait UIInterfaceOrientationPortraitUpsideDown UIInterfaceOrientationLandscapeLeft UIInterfaceOrientationLandscapeRight";
				INFOPLIST_KEY_UISupportedInterfaceOrientations_iPhone = "UIInterfaceOrientationPortrait UIInterfaceOrientationLandscapeLeft UIInterfaceOrientationLandscapeRight";
				LD_RUNPATH_SEARCH_PATHS = (
					"$(inherited)",
					"@executable_path/Frameworks",
				);
				MARKETING_VERSION = 1.0;
				PRODUCT_BUNDLE_IDENTIFIER = com.minsu.FIONApp;
				PRODUCT_NAME = "$(TARGET_NAME)";
				SWIFT_EMIT_LOC_STRINGS = YES;
				SWIFT_VERSION = 5.0;
				TARGETED_DEVICE_FAMILY = "1,2";
			};
			name = Debug;
		};
		26AD318A29B3B1A4001E8BE4 /* Release */ = {
			isa = XCBuildConfiguration;
			buildSettings = {
				ASSETCATALOG_COMPILER_APPICON_NAME = AppIcon;
				ASSETCATALOG_COMPILER_GLOBAL_ACCENT_COLOR_NAME = AccentColor;
				CODE_SIGN_STYLE = Automatic;
				CURRENT_PROJECT_VERSION = 1;
				DEVELOPMENT_TEAM = 58JZ3489C7;
				GENERATE_INFOPLIST_FILE = YES;
				INFOPLIST_FILE = FIONApp/Info.plist;
				INFOPLIST_KEY_UIApplicationSupportsIndirectInputEvents = YES;
				INFOPLIST_KEY_UILaunchStoryboardName = LaunchScreen;
				INFOPLIST_KEY_UISupportedInterfaceOrientations_iPad = "UIInterfaceOrientationPortrait UIInterfaceOrientationPortraitUpsideDown UIInterfaceOrientationLandscapeLeft UIInterfaceOrientationLandscapeRight";
				INFOPLIST_KEY_UISupportedInterfaceOrientations_iPhone = "UIInterfaceOrientationPortrait UIInterfaceOrientationLandscapeLeft UIInterfaceOrientationLandscapeRight";
				LD_RUNPATH_SEARCH_PATHS = (
					"$(inherited)",
					"@executable_path/Frameworks",
				);
				MARKETING_VERSION = 1.0;
				PRODUCT_BUNDLE_IDENTIFIER = com.minsu.FIONApp;
				PRODUCT_NAME = "$(TARGET_NAME)";
				SWIFT_EMIT_LOC_STRINGS = YES;
				SWIFT_VERSION = 5.0;
				TARGETED_DEVICE_FAMILY = "1,2";
			};
			name = Release;
		};
/* End XCBuildConfiguration section */

/* Begin XCConfigurationList section */
		26AD316F29B3B1A4001E8BE4 /* Build configuration list for PBXProject "FIONApp" */ = {
			isa = XCConfigurationList;
			buildConfigurations = (
				26AD318629B3B1A4001E8BE4 /* Debug */,
				26AD318729B3B1A4001E8BE4 /* Release */,
			);
			defaultConfigurationIsVisible = 0;
			defaultConfigurationName = Release;
		};
		26AD318829B3B1A4001E8BE4 /* Build configuration list for PBXNativeTarget "FIONApp" */ = {
			isa = XCConfigurationList;
			buildConfigurations = (
				26AD318929B3B1A4001E8BE4 /* Debug */,
				26AD318A29B3B1A4001E8BE4 /* Release */,
			);
			defaultConfigurationIsVisible = 0;
			defaultConfigurationName = Release;
		};
/* End XCConfigurationList section */
	};
	rootObject = 26AD316C29B3B1A4001E8BE4 /* Project object */;
}
